
Microsoft Visual Studio Solution File, Format Version 12.00
# Visual Studio Version 16
VisualStudioVersion = 16.0.30011.22
MinimumVisualStudioVersion = 10.0.40219.1
Project("{FAE04EC0-301F-11D3-BF4B-00C04F79EFBC}") = "DataAccessLayer", "DataAccessLayer\DataAccessLayer.csproj", "{EB825478-4C7A-4F52-8B6F-D45917F03D46}"
EndProject
Project("{FAE04EC0-301F-11D3-BF4B-00C04F79EFBC}") = "Model", "Model\Model.csproj", "{BBC54A82-5E22-490E-AED6-D2983A652A89}"
EndProject
Project("{FAE04EC0-301F-11D3-BF4B-00C04F79EFBC}") = "WebApi", "WebApi\WebApi.csproj", "{F8522A37-3721-434B-90E6-AA6A253C1E20}"
EndProject
Global
	GlobalSection(SolutionConfigurationPlatforms) = preSolution
		Debug|Any CPU = Debug|Any CPU
		Release|Any CPU = Release|Any CPU
	EndGlobalSection
	GlobalSection(ProjectConfigurationPlatforms) = postSolution
		{EB825478-4C7A-4F52-8B6F-D45917F03D46}.Debug|Any CPU.ActiveCfg = Debug|Any CPU
		{EB825478-4C7A-4F52-8B6F-D45917F03D46}.Debug|Any CPU.Build.0 = Debug|Any CPU
		{EB825478-4C7A-4F52-8B6F-D45917F03D46}.Release|Any CPU.ActiveCfg = Release|Any CPU
		{EB825478-4C7A-4F52-8B6F-D45917F03D46}.Release|Any CPU.Build.0 = Release|Any CPU
		{BBC54A82-5E22-490E-AED6-D2983A652A89}.Debug|Any CPU.ActiveCfg = Debug|Any CPU
		{BBC54A82-5E22-490E-AED6-D2983A652A89}.Debug|Any CPU.Build.0 = Debug|Any CPU
		{BBC54A82-5E22-490E-AED6-D2983A652A89}.Release|Any CPU.ActiveCfg = Release|Any CPU
		{BBC54A82-5E22-490E-AED6-D2983A652A89}.Release|Any CPU.Build.0 = Release|Any CPU
		{F8522A37-3721-434B-90E6-AA6A253C1E20}.Debug|Any CPU.ActiveCfg = Debug|Any CPU
		{F8522A37-3721-434B-90E6-AA6A253C1E20}.Debug|Any CPU.Build.0 = Debug|Any CPU
		{F8522A37-3721-434B-90E6-AA6A253C1E20}.Release|Any CPU.ActiveCfg = Release|Any CPU
		{F8522A37-3721-434B-90E6-AA6A253C1E20}.Release|Any CPU.Build.0 = Release|Any CPU
	EndGlobalSection
	GlobalSection(SolutionProperties) = preSolution
		HideSolutionNode = FALSE
	EndGlobalSection
	GlobalSection(ExtensibilityGlobals) = postSolution
		SolutionGuid = {79A74848-CEF9-4EED-80BF-6F5DA244E6BC}
	EndGlobalSection
EndGlobal
